<?xml version="1.0" encoding="utf-8"?>
<Project ToolsVersion="4.0" xmlns="http://schemas.microsoft.com/developer/msbuild/2003">
  <ItemGroup>
    <Filter Include="Source Files">
      <UniqueIdentifier>{4FC737F1-C7A5-4376-A066-2A32D752A2FF}</UniqueIdentifier>
      <Extensions>cpp;c;cc;cxx;def;odl;idl;hpj;bat;asm;asmx</Extensions>
    </Filter>
    <Filter Include="Header Files">
      <UniqueIdentifier>{93995380-89BD-4b04-88EB-625FBE52EBFB}</UniqueIdentifier>
      <Extensions>h;hpp;hxx;hm;inl;inc;xsd</Extensions>
    </Filter>
    <Filter Include="Source Files\INI">
      <UniqueIdentifier>{c881e760-80a5-4102-8ad3-58978999c396}</UniqueIdentifier>
    </Filter>
    <Filter Include="Source Files\LDB">
      <UniqueIdentifier>{7a0a97cf-0642-4471-9b77-825b942f73db}</UniqueIdentifier>
    </Filter>
    <Filter Include="Source Files\LMT">
      <UniqueIdentifier>{07760826-1ea8-411e-81c3-3659cc03c568}</UniqueIdentifier>
    </Filter>
    <Filter Include="Source Files\LMU">
      <UniqueIdentifier>{9d62bde7-1f5a-4ad1-8365-e4d398bf1acb}</UniqueIdentifier>
    </Filter>
    <Filter Include="Source Files\Events">
      <UniqueIdentifier>{69f8371f-c096-4c52-95aa-3b817b62fe4d}</UniqueIdentifier>
    </Filter>
    <Filter Include="Header Files\RPG">
      <UniqueIdentifier>{0dde9b4a-c124-498a-b7a4-0c21c2eafe59}</UniqueIdentifier>
    </Filter>
    <Filter Include="Source Files\RPG">
      <UniqueIdentifier>{a0b75d9e-2ee0-4d4b-85e1-1bbe7c6f074f}</UniqueIdentifier>
    </Filter>
  </ItemGroup>
  <ItemGroup>
    <ClCompile Include="..\..\src\event_reader.cpp">
      <Filter>Source Files\Events</Filter>
    </ClCompile>
    <ClCompile Include="..\..\src\ini.cpp">
      <Filter>Source Files\INI</Filter>
    </ClCompile>
    <ClCompile Include="..\..\src\inireader.cpp">
      <Filter>Source Files\INI</Filter>
    </ClCompile>
    <ClCompile Include="..\..\src\ldb_actor.cpp">
      <Filter>Source Files\LDB</Filter>
    </ClCompile>
    <ClCompile Include="..\..\src\ldb_variables.cpp">
      <Filter>Source Files\LDB</Filter>
    </ClCompile>
    <ClCompile Include="..\..\src\ldb_animation.cpp">
      <Filter>Source Files\LDB</Filter>
    </ClCompile>
    <ClCompile Include="..\..\src\ldb_animationcelldata.cpp">
      <Filter>Source Files\LDB</Filter>
    </ClCompile>
    <ClCompile Include="..\..\src\ldb_animationframe.cpp">
      <Filter>Source Files\LDB</Filter>
    </ClCompile>
    <ClCompile Include="..\..\src\ldb_animationtiming.cpp">
      <Filter>Source Files\LDB</Filter>
    </ClCompile>
    <ClCompile Include="..\..\src\ldb_attribute.cpp">
      <Filter>Source Files\LDB</Filter>
    </ClCompile>
    <ClCompile Include="..\..\src\ldb_battlecommand.cpp">
      <Filter>Source Files\LDB</Filter>
    </ClCompile>
    <ClCompile Include="..\..\src\ldb_battleranimation.cpp">
      <Filter>Source Files\LDB</Filter>
    </ClCompile>
    <ClCompile Include="..\..\src\ldb_battleranimationextension.cpp">
      <Filter>Source Files\LDB</Filter>
    </ClCompile>
    <ClCompile Include="..\..\src\ldb_chipset.cpp">
      <Filter>Source Files\LDB</Filter>
    </ClCompile>
    <ClCompile Include="..\..\src\ldb_class.cpp">
      <Filter>Source Files\LDB</Filter>
    </ClCompile>
    <ClCompile Include="..\..\src\ldb_commonevent.cpp">
      <Filter>Source Files\LDB</Filter>
    </ClCompile>
    <ClCompile Include="..\..\src\ldb_enemy.cpp">
      <Filter>Source Files\LDB</Filter>
    </ClCompile>
    <ClCompile Include="..\..\src\ldb_enemyaction.cpp">
      <Filter>Source Files\LDB</Filter>
    </ClCompile>
    <ClCompile Include="..\..\src\ldb_item.cpp">
      <Filter>Source Files\LDB</Filter>
    </ClCompile>
    <ClCompile Include="..\..\src\ldb_learning.cpp">
      <Filter>Source Files\LDB</Filter>
    </ClCompile>
    <ClCompile Include="..\..\src\ldb_music.cpp">
      <Filter>Source Files\LDB</Filter>
    </ClCompile>
    <ClCompile Include="..\..\src\ldb_reader.cpp">
      <Filter>Source Files\LDB</Filter>
    </ClCompile>
    <ClCompile Include="..\..\src\ldb_skill.cpp">
      <Filter>Source Files\LDB</Filter>
    </ClCompile>
    <ClCompile Include="..\..\src\ldb_sound.cpp">
      <Filter>Source Files\LDB</Filter>
    </ClCompile>
    <ClCompile Include="..\..\src\ldb_state.cpp">
      <Filter>Source Files\LDB</Filter>
    </ClCompile>
    <ClCompile Include="..\..\src\ldb_switches.cpp">
      <Filter>Source Files\LDB</Filter>
    </ClCompile>
    <ClCompile Include="..\..\src\ldb_system.cpp">
      <Filter>Source Files\LDB</Filter>
    </ClCompile>
    <ClCompile Include="..\..\src\ldb_terms.cpp">
      <Filter>Source Files\LDB</Filter>
    </ClCompile>
    <ClCompile Include="..\..\src\ldb_terrain.cpp">
      <Filter>Source Files\LDB</Filter>
    </ClCompile>
    <ClCompile Include="..\..\src\ldb_testbattler.cpp">
      <Filter>Source Files\LDB</Filter>
    </ClCompile>
    <ClCompile Include="..\..\src\ldb_troop.cpp">
      <Filter>Source Files\LDB</Filter>
    </ClCompile>
    <ClCompile Include="..\..\src\ldb_troopmember.cpp">
      <Filter>Source Files\LDB</Filter>
    </ClCompile>
    <ClCompile Include="..\..\src\ldb_trooppage.cpp">
      <Filter>Source Files\LDB</Filter>
    </ClCompile>
    <ClCompile Include="..\..\src\ldb_trooppagecondition.cpp">
      <Filter>Source Files\LDB</Filter>
    </ClCompile>
    <ClCompile Include="..\..\src\lmt_encounter.cpp">
      <Filter>Source Files\LMT</Filter>
    </ClCompile>
    <ClCompile Include="..\..\src\lmt_mapinfo.cpp">
      <Filter>Source Files\LMT</Filter>
    </ClCompile>
    <ClCompile Include="..\..\src\lmt_reader.cpp">
      <Filter>Source Files\LMT</Filter>
    </ClCompile>
    <ClCompile Include="..\..\src\lmu_event.cpp">
      <Filter>Source Files\LMU</Filter>
    </ClCompile>
    <ClCompile Include="..\..\src\lmu_eventpage.cpp">
      <Filter>Source Files\LMU</Filter>
    </ClCompile>
    <ClCompile Include="..\..\src\lmu_eventpagecondition.cpp">
      <Filter>Source Files\LMU</Filter>
    </ClCompile>
    <ClCompile Include="..\..\src\lmu_movecommand.cpp">
      <Filter>Source Files\LMU</Filter>
    </ClCompile>
    <ClCompile Include="..\..\src\lmu_moveroute.cpp">
      <Filter>Source Files\LMU</Filter>
    </ClCompile>
    <ClCompile Include="..\..\src\lmu_reader.cpp">
      <Filter>Source Files\LMU</Filter>
    </ClCompile>
    <ClCompile Include="..\..\src\reader.cpp">
      <Filter>Source Files</Filter>
    </ClCompile>
    <ClCompile Include="..\..\src\data.cpp">
      <Filter>Source Files</Filter>
    </ClCompile>
    <ClCompile Include="..\..\src\rpg_actor.cpp">
      <Filter>Source Files\RPG</Filter>
    </ClCompile>
    <ClCompile Include="..\..\src\rpg_animation.cpp">
      <Filter>Source Files\RPG</Filter>
    </ClCompile>
    <ClCompile Include="..\..\src\rpg_animationcelldata.cpp">
      <Filter>Source Files\RPG</Filter>
    </ClCompile>
    <ClCompile Include="..\..\src\rpg_animationframe.cpp">
      <Filter>Source Files\RPG</Filter>
    </ClCompile>
    <ClCompile Include="..\..\src\rpg_animationtiming.cpp">
      <Filter>Source Files\RPG</Filter>
    </ClCompile>
    <ClCompile Include="..\..\src\rpg_attribute.cpp">
      <Filter>Source Files\RPG</Filter>
    </ClCompile>
    <ClCompile Include="..\..\src\rpg_battlecommand.cpp">
      <Filter>Source Files\RPG</Filter>
    </ClCompile>
    <ClCompile Include="..\..\src\rpg_battleranimation.cpp">
      <Filter>Source Files\RPG</Filter>
    </ClCompile>
    <ClCompile Include="..\..\src\rpg_battleranimationextension.cpp">
      <Filter>Source Files\RPG</Filter>
    </ClCompile>
    <ClCompile Include="..\..\src\rpg_chipset.cpp">
      <Filter>Source Files\RPG</Filter>
    </ClCompile>
    <ClCompile Include="..\..\src\rpg_class.cpp">
      <Filter>Source Files\RPG</Filter>
    </ClCompile>
    <ClCompile Include="..\..\src\rpg_commonevent.cpp">
      <Filter>Source Files\RPG</Filter>
    </ClCompile>
    <ClCompile Include="..\..\src\rpg_encounter.cpp">
      <Filter>Source Files\RPG</Filter>
    </ClCompile>
    <ClCompile Include="..\..\src\rpg_enemy.cpp">
      <Filter>Source Files\RPG</Filter>
    </ClCompile>
    <ClCompile Include="..\..\src\rpg_enemyaction.cpp">
      <Filter>Source Files\RPG</Filter>
    </ClCompile>
    <ClCompile Include="..\..\src\rpg_event.cpp">
      <Filter>Source Files\RPG</Filter>
    </ClCompile>
    <ClCompile Include="..\..\src\rpg_eventcommand.cpp">
      <Filter>Source Files\RPG</Filter>
    </ClCompile>
    <ClCompile Include="..\..\src\rpg_eventpage.cpp">
      <Filter>Source Files\RPG</Filter>
    </ClCompile>
    <ClCompile Include="..\..\src\rpg_eventpagecondition.cpp">
      <Filter>Source Files\RPG</Filter>
    </ClCompile>
    <ClCompile Include="..\..\src\rpg_item.cpp">
      <Filter>Source Files\RPG</Filter>
    </ClCompile>
    <ClCompile Include="..\..\src\rpg_learning.cpp">
      <Filter>Source Files\RPG</Filter>
    </ClCompile>
    <ClCompile Include="..\..\src\rpg_map.cpp">
      <Filter>Source Files\RPG</Filter>
    </ClCompile>
    <ClCompile Include="..\..\src\rpg_mapinfo.cpp">
      <Filter>Source Files\RPG</Filter>
    </ClCompile>
    <ClCompile Include="..\..\src\rpg_movecommand.cpp">
      <Filter>Source Files\RPG</Filter>
    </ClCompile>
    <ClCompile Include="..\..\src\rpg_moveroute.cpp">
      <Filter>Source Files\RPG</Filter>
    </ClCompile>
    <ClCompile Include="..\..\src\rpg_music.cpp">
      <Filter>Source Files\RPG</Filter>
    </ClCompile>
    <ClCompile Include="..\..\src\rpg_skill.cpp">
      <Filter>Source Files\RPG</Filter>
    </ClCompile>
    <ClCompile Include="..\..\src\rpg_sound.cpp">
      <Filter>Source Files\RPG</Filter>
    </ClCompile>
    <ClCompile Include="..\..\src\rpg_state.cpp">
      <Filter>Source Files\RPG</Filter>
    </ClCompile>
    <ClCompile Include="..\..\src\rpg_system.cpp">
      <Filter>Source Files\RPG</Filter>
    </ClCompile>
    <ClCompile Include="..\..\src\rpg_terms.cpp">
      <Filter>Source Files\RPG</Filter>
    </ClCompile>
    <ClCompile Include="..\..\src\rpg_terrain.cpp">
      <Filter>Source Files\RPG</Filter>
    </ClCompile>
    <ClCompile Include="..\..\src\rpg_testbattler.cpp">
      <Filter>Source Files\RPG</Filter>
    </ClCompile>
    <ClCompile Include="..\..\src\rpg_treemap.cpp">
      <Filter>Source Files\RPG</Filter>
    </ClCompile>
    <ClCompile Include="..\..\src\rpg_troop.cpp">
      <Filter>Source Files\RPG</Filter>
    </ClCompile>
    <ClCompile Include="..\..\src\rpg_troopmember.cpp">
      <Filter>Source Files\RPG</Filter>
    </ClCompile>
    <ClCompile Include="..\..\src\rpg_trooppage.cpp">
      <Filter>Source Files\RPG</Filter>
    </ClCompile>
    <ClCompile Include="..\..\src\rpg_trooppagecondition.cpp">
      <Filter>Source Files\RPG</Filter>
    </ClCompile>
    <ClCompile Include="..\..\src\ldb_battleranimationdata.cpp">
      <Filter>Source Files\LDB</Filter>
    </ClCompile>
    <ClCompile Include="..\..\src\rpg_battleranimationdata.cpp">
      <Filter>Source Files\RPG</Filter>
    </ClCompile>
    <ClCompile Include="..\..\src\ldb_itemanimation.cpp">
      <Filter>Source Files\LDB</Filter>
    </ClCompile>
    <ClCompile Include="..\..\src\rpg_itemanimation.cpp">
      <Filter>Source Files\RPG</Filter>
    </ClCompile>
  </ItemGroup>
  <ItemGroup>
    <ClInclude Include="..\..\include\event_reader.h">
      <Filter>Header Files</Filter>
    </ClInclude>
    <ClInclude Include="..\..\include\ini.h">
      <Filter>Header Files</Filter>
    </ClInclude>
    <ClInclude Include="..\..\include\inireader.h">
      <Filter>Header Files</Filter>
    </ClInclude>
    <ClInclude Include="..\..\include\ldb_chunks.h">
      <Filter>Header Files</Filter>
    </ClInclude>
    <ClInclude Include="..\..\include\ldb_reader.h">
      <Filter>Header Files</Filter>
    </ClInclude>
    <ClInclude Include="..\..\include\lmt_chunks.h">
      <Filter>Header Files</Filter>
    </ClInclude>
    <ClInclude Include="..\..\include\lmt_reader.h">
      <Filter>Header Files</Filter>
    </ClInclude>
    <ClInclude Include="..\..\include\lmu_chunks.h">
      <Filter>Header Files</Filter>
    </ClInclude>
    <ClInclude Include="..\..\include\lmu_reader.h">
      <Filter>Header Files</Filter>
    </ClInclude>
    <ClInclude Include="..\..\include\reader.h">
      <Filter>Header Files</Filter>
    </ClInclude>
    <ClInclude Include="..\..\include\rpg_actor.h">
      <Filter>Header Files\RPG</Filter>
    </ClInclude>
    <ClInclude Include="..\..\include\rpg_animation.h">
      <Filter>Header Files\RPG</Filter>
    </ClInclude>
    <ClInclude Include="..\..\include\rpg_animationcelldata.h">
      <Filter>Header Files\RPG</Filter>
    </ClInclude>
    <ClInclude Include="..\..\include\rpg_animationframe.h">
      <Filter>Header Files\RPG</Filter>
    </ClInclude>
    <ClInclude Include="..\..\include\rpg_animationtiming.h">
      <Filter>Header Files\RPG</Filter>
    </ClInclude>
    <ClInclude Include="..\..\include\rpg_attribute.h">
      <Filter>Header Files\RPG</Filter>
    </ClInclude>
    <ClInclude Include="..\..\include\rpg_battlecommand.h">
      <Filter>Header Files\RPG</Filter>
    </ClInclude>
    <ClInclude Include="..\..\include\rpg_battleranimation.h">
      <Filter>Header Files\RPG</Filter>
    </ClInclude>
    <ClInclude Include="..\..\include\rpg_battleranimationextension.h">
      <Filter>Header Files\RPG</Filter>
    </ClInclude>
    <ClInclude Include="..\..\include\rpg_chipset.h">
      <Filter>Header Files\RPG</Filter>
    </ClInclude>
    <ClInclude Include="..\..\include\rpg_class.h">
      <Filter>Header Files\RPG</Filter>
    </ClInclude>
    <ClInclude Include="..\..\include\rpg_commonevent.h">
      <Filter>Header Files\RPG</Filter>
    </ClInclude>
    <ClInclude Include="..\..\include\rpg_encounter.h">
      <Filter>Header Files\RPG</Filter>
    </ClInclude>
    <ClInclude Include="..\..\include\rpg_enemy.h">
      <Filter>Header Files\RPG</Filter>
    </ClInclude>
    <ClInclude Include="..\..\include\rpg_enemyaction.h">
      <Filter>Header Files\RPG</Filter>
    </ClInclude>
    <ClInclude Include="..\..\include\rpg_event.h">
      <Filter>Header Files\RPG</Filter>
    </ClInclude>
    <ClInclude Include="..\..\include\rpg_eventcommand.h">
      <Filter>Header Files\RPG</Filter>
    </ClInclude>
    <ClInclude Include="..\..\include\rpg_eventpage.h">
      <Filter>Header Files\RPG</Filter>
    </ClInclude>
    <ClInclude Include="..\..\include\rpg_eventpagecondition.h">
      <Filter>Header Files\RPG</Filter>
    </ClInclude>
    <ClInclude Include="..\..\include\rpg_item.h">
      <Filter>Header Files\RPG</Filter>
    </ClInclude>
    <ClInclude Include="..\..\include\rpg_learning.h">
      <Filter>Header Files\RPG</Filter>
    </ClInclude>
    <ClInclude Include="..\..\include\rpg_map.h">
      <Filter>Header Files\RPG</Filter>
    </ClInclude>
    <ClInclude Include="..\..\include\rpg_mapinfo.h">
      <Filter>Header Files\RPG</Filter>
    </ClInclude>
    <ClInclude Include="..\..\include\rpg_movecommand.h">
      <Filter>Header Files\RPG</Filter>
    </ClInclude>
    <ClInclude Include="..\..\include\rpg_moveroute.h">
      <Filter>Header Files\RPG</Filter>
    </ClInclude>
    <ClInclude Include="..\..\include\rpg_music.h">
      <Filter>Header Files\RPG</Filter>
    </ClInclude>
    <ClInclude Include="..\..\include\rpg_skill.h">
      <Filter>Header Files\RPG</Filter>
    </ClInclude>
    <ClInclude Include="..\..\include\rpg_sound.h">
      <Filter>Header Files\RPG</Filter>
    </ClInclude>
    <ClInclude Include="..\..\include\rpg_state.h">
      <Filter>Header Files\RPG</Filter>
    </ClInclude>
    <ClInclude Include="..\..\include\rpg_system.h">
      <Filter>Header Files\RPG</Filter>
    </ClInclude>
    <ClInclude Include="..\..\include\rpg_terms.h">
      <Filter>Header Files\RPG</Filter>
    </ClInclude>
    <ClInclude Include="..\..\include\rpg_terrain.h">
      <Filter>Header Files\RPG</Filter>
    </ClInclude>
    <ClInclude Include="..\..\include\rpg_testbattler.h">
      <Filter>Header Files\RPG</Filter>
    </ClInclude>
    <ClInclude Include="..\..\include\rpg_treemap.h">
      <Filter>Header Files\RPG</Filter>
    </ClInclude>
    <ClInclude Include="..\..\include\rpg_troop.h">
      <Filter>Header Files\RPG</Filter>
    </ClInclude>
    <ClInclude Include="..\..\include\rpg_troopmember.h">
      <Filter>Header Files\RPG</Filter>
    </ClInclude>
    <ClInclude Include="..\..\include\rpg_trooppage.h">
      <Filter>Header Files\RPG</Filter>
    </ClInclude>
    <ClInclude Include="..\..\include\rpg_trooppagecondition.h">
      <Filter>Header Files\RPG</Filter>
    </ClInclude>
    <ClInclude Include="..\..\include\data.h">
      <Filter>Header Files</Filter>
    </ClInclude>
    <ClInclude Include="..\..\include\reader_options.h">
      <Filter>Header Files</Filter>
    </ClInclude>
    <ClInclude Include="..\..\include\rpg_battleranimationdata.h">
      <Filter>Header Files\RPG</Filter>
    </ClInclude>
    <ClInclude Include="..\..\include\rpg_itemanimation.h">
      <Filter>Header Files\RPG</Filter>
    </ClInclude>
  </ItemGroup>
</Project>